
Microsoft Visual Studio Solution File, Format Version 12.00
Project("{FAE04EC0-301F-11D3-BF4B-00C04F79EFBC}") = "TempProject", "TempProject\TempProject.csproj", "{0597AB6D-E661-4178-B20A-175B6D4C8464}"
EndProject
Project("{FAE04EC0-301F-11D3-BF4B-00C04F79EFBC}") = "PhoneBook", "PhoneBook\PhoneBook.csproj", "{B80DB924-62D7-4A06-843A-DE56A2B85B3A}"
EndProject
Global
	GlobalSection(SolutionConfigurationPlatforms) = preSolution
		Debug|Any CPU = Debug|Any CPU
		Release|Any CPU = Release|Any CPU
	EndGlobalSection
	GlobalSection(ProjectConfigurationPlatforms) = postSolution
		{0597AB6D-E661-4178-B20A-175B6D4C8464}.Debug|Any CPU.ActiveCfg = Debug|Any CPU
		{0597AB6D-E661-4178-B20A-175B6D4C8464}.Debug|Any CPU.Build.0 = Debug|Any CPU
		{0597AB6D-E661-4178-B20A-175B6D4C8464}.Release|Any CPU.ActiveCfg = Release|Any CPU
		{0597AB6D-E661-4178-B20A-175B6D4C8464}.Release|Any CPU.Build.0 = Release|Any CPU
		{B80DB924-62D7-4A06-843A-DE56A2B85B3A}.Debug|Any CPU.ActiveCfg = Debug|Any CPU
		{B80DB924-62D7-4A06-843A-DE56A2B85B3A}.Debug|Any CPU.Build.0 = Debug|Any CPU
		{B80DB924-62D7-4A06-843A-DE56A2B85B3A}.Release|Any CPU.ActiveCfg = Release|Any CPU
		{B80DB924-62D7-4A06-843A-DE56A2B85B3A}.Release|Any CPU.Build.0 = Release|Any CPU
	EndGlobalSection
EndGlobal
